
Microsoft Visual Studio Solution File, Format Version 12.00
# Visual Studio Version 17
VisualStudioVersion = 17.5.33424.131
MinimumVisualStudioVersion = 10.0.40219.1
Project("{FAE04EC0-301F-11D3-BF4B-00C04F79EFBC}") = "RaceTo21", "RaceTo21\RaceTo21.csproj", "{0821A34E-33CA-4770-BD8D-92815BD207B8}"
EndProject
Global
	GlobalSection(SolutionConfigurationPlatforms) = preSolution
		Debug|Any CPU = Debug|Any CPU
		Release|Any CPU = Release|Any CPU
	EndGlobalSection
	GlobalSection(ProjectConfigurationPlatforms) = postSolution
		{0821A34E-33CA-4770-BD8D-92815BD207B8}.Debug|Any CPU.ActiveCfg = Debug|Any CPU
		{0821A34E-33CA-4770-BD8D-92815BD207B8}.Debug|Any CPU.Build.0 = Debug|Any CPU
		{0821A34E-33CA-4770-BD8D-92815BD207B8}.Release|Any CPU.ActiveCfg = Release|Any CPU
		{0821A34E-33CA-4770-BD8D-92815BD207B8}.Release|Any CPU.Build.0 = Release|Any CPU
	EndGlobalSection
	GlobalSection(SolutionProperties) = preSolution
		HideSolutionNode = FALSE
	EndGlobalSection
	GlobalSection(ExtensibilityGlobals) = postSolution
		SolutionGuid = {7730FC70-DFEB-44F1-A3F2-0792B8343F42}
	EndGlobalSection
EndGlobal
